# This file is automatically @generated by Cargo.
# It is not intended for manual editing.
version = 3

[[package]]
name = "game-of-life"
version = "0.1.0"
dependencies = [
 "gba",
]

[[package]]
name = "gba"
version = "0.5.2"
source = "git+https://github.com/rust-console/gba#5c5081ddc4b568f936a9d633d3fa81258e9c83e1"
dependencies = [
 "voladdress",
]

[[package]]
name = "voladdress"
version = "0.4.5"
source = "registry+https://github.com/rust-lang/crates.io-index"
checksum = "5e1c00b315fa5b67ca61aa4b7ac802c92a014813e5c4c8dc77e2aee6d30527ae"
